# This file was autogenerated by Stack.
# You should not edit this file by hand.
# For more information, please see the documentation at:
#   https://docs.haskellstack.org/en/stable/lock_files

packages: []
snapshots:
- completed:
    size: 488352
    url: https://raw.githubusercontent.com/commercialhaskell/stackage-snapshots/master/nightly/2020/2/15.yaml
    sha256: 3c4888f2d80a59256a11e4192fa2ed8f60ee9c23723d46cb5a2d83e40550fc63
  original: nightly-2020-02-15
