# This file was autogenerated by Stack.
# You should not edit this file by hand.
# For more information, please see the documentation at:
#   https://docs.haskellstack.org/en/stable/lock_files

packages:
- completed:
    hackage: dhall-1.29.0@sha256:48e9c106ac611cc14f2f68d2a2df6358bfc371654a2b981ac3d7d73dccdc7ae2,32755
    pantry-tree:
      size: 244291
      sha256: ca99d89b077c2c536179f3b1751dfd5da70cb6eb3e052e408f0841c1c9582a01
  original:
    hackage: dhall-1.29.0
- completed:
    hackage: prettyprinter-1.6.1@sha256:11876ec94a79048e1d2942a99bfaa6f2be5222eafeedac6a9545673a79465009,5459
    pantry-tree:
      size: 2194
      sha256: b8ddc48e267da0bc8da3082929b478df80c3c986865394f93e7bc7631c0031cf
  original:
    hackage: prettyprinter-1.6.1@sha256:11876ec94a79048e1d2942a99bfaa6f2be5222eafeedac6a9545673a79465009,5459
- completed:
    size: 12226
    url: https://github.com/kowainik/colourista/archive/c5fa55155a5915b1055d90ec632eebefb6b239fd.tar.gz
    cabal-file:
      size: 2288
      sha256: 700efa51ad616af88fb708e23688935bb5fbdb7bfa5d8f350969a9049554c690
    name: colourista
    version: 0.0.0.0
    sha256: aa1adf707349841d555d2d7d0db5ddab46fee6edacf6c820f08ac53ff54b5a31
    pantry-tree:
      size: 776
      sha256: 3dc349353a523e2e7f12a5d08f3666cb70c2cc8c4bc19033509541fed4e680bf
  original:
    url: https://github.com/kowainik/colourista/archive/c5fa55155a5915b1055d90ec632eebefb6b239fd.tar.gz
- completed:
    hackage: ansi-terminal-0.10.3@sha256:e2fbcef5f980dc234c7ad8e2fa433b0e8109132c9e643bc40ea5608cd5697797,3226
    pantry-tree:
      size: 1461
      sha256: 02f05d52be3ffcf36c78876629cbab80b63420672685371aea4fd10e1c4aabb6
  original:
    hackage: ansi-terminal-0.10.3@sha256:e2fbcef5f980dc234c7ad8e2fa433b0e8109132c9e643bc40ea5608cd5697797,3226
snapshots:
- completed:
    size: 524996
    url: https://raw.githubusercontent.com/commercialhaskell/stackage-snapshots/master/lts/14/27.yaml
    sha256: 7ea31a280c56bf36ff591a7397cc384d0dff622e7f9e4225b47d8980f019a0f0
  original: lts-14.27
